
Microsoft Visual Studio Solution File, Format Version 12.00
# Visual Studio Version 17
VisualStudioVersion = 17.8.34525.116
MinimumVisualStudioVersion = 10.0.40219.1
Project("{FAE04EC0-301F-11D3-BF4B-00C04F79EFBC}") = "Project.Api", "Project.Api\Project.Api.csproj", "{4E621BA4-E343-474C-8C77-62956560C273}"
EndProject
Project("{FAE04EC0-301F-11D3-BF4B-00C04F79EFBC}") = "Project.Domain", "Project.Domain\Project.Domain.csproj", "{CD4931BE-4A49-42EF-B23E-57E839E67AFC}"
EndProject
Project("{FAE04EC0-301F-11D3-BF4B-00C04F79EFBC}") = "Project.Core", "Project.Core\Project.Core.csproj", "{80959931-D5CE-493F-8E2D-74F422D995A4}"
EndProject
Project("{FAE04EC0-301F-11D3-BF4B-00C04F79EFBC}") = "Project.Test", "Project.Test\Project.Test.csproj", "{922F17D6-01E8-4D20-B9F0-9982CF944380}"
EndProject
Global
	GlobalSection(SolutionConfigurationPlatforms) = preSolution
		Debug|Any CPU = Debug|Any CPU
		Release|Any CPU = Release|Any CPU
	EndGlobalSection
	GlobalSection(ProjectConfigurationPlatforms) = postSolution
		{4E621BA4-E343-474C-8C77-62956560C273}.Debug|Any CPU.ActiveCfg = Debug|Any CPU
		{4E621BA4-E343-474C-8C77-62956560C273}.Debug|Any CPU.Build.0 = Debug|Any CPU
		{4E621BA4-E343-474C-8C77-62956560C273}.Release|Any CPU.ActiveCfg = Release|Any CPU
		{4E621BA4-E343-474C-8C77-62956560C273}.Release|Any CPU.Build.0 = Release|Any CPU
		{CD4931BE-4A49-42EF-B23E-57E839E67AFC}.Debug|Any CPU.ActiveCfg = Debug|Any CPU
		{CD4931BE-4A49-42EF-B23E-57E839E67AFC}.Debug|Any CPU.Build.0 = Debug|Any CPU
		{CD4931BE-4A49-42EF-B23E-57E839E67AFC}.Release|Any CPU.ActiveCfg = Release|Any CPU
		{CD4931BE-4A49-42EF-B23E-57E839E67AFC}.Release|Any CPU.Build.0 = Release|Any CPU
		{80959931-D5CE-493F-8E2D-74F422D995A4}.Debug|Any CPU.ActiveCfg = Debug|Any CPU
		{80959931-D5CE-493F-8E2D-74F422D995A4}.Debug|Any CPU.Build.0 = Debug|Any CPU
		{80959931-D5CE-493F-8E2D-74F422D995A4}.Release|Any CPU.ActiveCfg = Release|Any CPU
		{80959931-D5CE-493F-8E2D-74F422D995A4}.Release|Any CPU.Build.0 = Release|Any CPU
		{922F17D6-01E8-4D20-B9F0-9982CF944380}.Debug|Any CPU.ActiveCfg = Debug|Any CPU
		{922F17D6-01E8-4D20-B9F0-9982CF944380}.Debug|Any CPU.Build.0 = Debug|Any CPU
		{922F17D6-01E8-4D20-B9F0-9982CF944380}.Release|Any CPU.ActiveCfg = Release|Any CPU
		{922F17D6-01E8-4D20-B9F0-9982CF944380}.Release|Any CPU.Build.0 = Release|Any CPU
	EndGlobalSection
	GlobalSection(SolutionProperties) = preSolution
		HideSolutionNode = FALSE
	EndGlobalSection
	GlobalSection(ExtensibilityGlobals) = postSolution
		SolutionGuid = {522C2337-A706-42A0-A3D3-2D09E2632F67}
	EndGlobalSection
EndGlobal
